
Microsoft Visual Studio Solution File, Format Version 12.00
# Visual Studio Version 17
VisualStudioVersion = 17.7.34221.43
MinimumVisualStudioVersion = 10.0.40219.1
Project("{9A19103F-16F7-4668-BE54-9A1E7A4F7556}") = "TicketMate.Api", "TicketMate.Api\TicketMate.Api.csproj", "{9214D935-EB0A-47E6-9DE5-DB8C12AE3991}"
EndProject
Project("{9A19103F-16F7-4668-BE54-9A1E7A4F7556}") = "TicketMate.Persistence", "TicketMate.Persistence\TicketMate.Persistence.csproj", "{5CA9FB55-201D-4B57-BEF0-284D32F5D6B2}"
EndProject
Project("{9A19103F-16F7-4668-BE54-9A1E7A4F7556}") = "TicketMate.Domain", "TicketMate.Domain\TicketMate.Domain.csproj", "{FAF414D6-3B7B-46A0-8B1C-A4273415A940}"
EndProject
Project("{2150E333-8FDC-42A3-9474-1A3956D46DE8}") = "Tests", "Tests", "{E1BD0B32-946C-4F51-93E4-969D6AAC1705}"
EndProject
Project("{9A19103F-16F7-4668-BE54-9A1E7A4F7556}") = "TicketMate.Persistence.Tests", "TicketMate.Persistence.Tests\TicketMate.Persistence.Tests.csproj", "{ADFEC1EE-F953-4E61-AC32-D5722C435C6D}"
EndProject
Project("{FAE04EC0-301F-11D3-BF4B-00C04F79EFBC}") = "TicketMate.Application", "TicketMate.Application\TicketMate.Application.csproj", "{5B1E5AC7-CFBF-4974-B00F-851D27462C34}"
EndProject
Project("{FAE04EC0-301F-11D3-BF4B-00C04F79EFBC}") = "TicketMate.Application.Tests", "TicketMate.Application.Tests\TicketMate.Application.Tests.csproj", "{B66DA5DC-E0CA-43AB-A0F2-066326CAB83E}"
EndProject
Global
	GlobalSection(SolutionConfigurationPlatforms) = preSolution
		Debug|Any CPU = Debug|Any CPU
		Release|Any CPU = Release|Any CPU
	EndGlobalSection
	GlobalSection(ProjectConfigurationPlatforms) = postSolution
		{9214D935-EB0A-47E6-9DE5-DB8C12AE3991}.Debug|Any CPU.ActiveCfg = Debug|Any CPU
		{9214D935-EB0A-47E6-9DE5-DB8C12AE3991}.Debug|Any CPU.Build.0 = Debug|Any CPU
		{9214D935-EB0A-47E6-9DE5-DB8C12AE3991}.Release|Any CPU.ActiveCfg = Release|Any CPU
		{9214D935-EB0A-47E6-9DE5-DB8C12AE3991}.Release|Any CPU.Build.0 = Release|Any CPU
		{5CA9FB55-201D-4B57-BEF0-284D32F5D6B2}.Debug|Any CPU.ActiveCfg = Debug|Any CPU
		{5CA9FB55-201D-4B57-BEF0-284D32F5D6B2}.Debug|Any CPU.Build.0 = Debug|Any CPU
		{5CA9FB55-201D-4B57-BEF0-284D32F5D6B2}.Release|Any CPU.ActiveCfg = Release|Any CPU
		{5CA9FB55-201D-4B57-BEF0-284D32F5D6B2}.Release|Any CPU.Build.0 = Release|Any CPU
		{FAF414D6-3B7B-46A0-8B1C-A4273415A940}.Debug|Any CPU.ActiveCfg = Debug|Any CPU
		{FAF414D6-3B7B-46A0-8B1C-A4273415A940}.Debug|Any CPU.Build.0 = Debug|Any CPU
		{FAF414D6-3B7B-46A0-8B1C-A4273415A940}.Release|Any CPU.ActiveCfg = Release|Any CPU
		{FAF414D6-3B7B-46A0-8B1C-A4273415A940}.Release|Any CPU.Build.0 = Release|Any CPU
		{ADFEC1EE-F953-4E61-AC32-D5722C435C6D}.Debug|Any CPU.ActiveCfg = Debug|Any CPU
		{ADFEC1EE-F953-4E61-AC32-D5722C435C6D}.Debug|Any CPU.Build.0 = Debug|Any CPU
		{ADFEC1EE-F953-4E61-AC32-D5722C435C6D}.Release|Any CPU.ActiveCfg = Release|Any CPU
		{ADFEC1EE-F953-4E61-AC32-D5722C435C6D}.Release|Any CPU.Build.0 = Release|Any CPU
		{5B1E5AC7-CFBF-4974-B00F-851D27462C34}.Debug|Any CPU.ActiveCfg = Debug|Any CPU
		{5B1E5AC7-CFBF-4974-B00F-851D27462C34}.Debug|Any CPU.Build.0 = Debug|Any CPU
		{5B1E5AC7-CFBF-4974-B00F-851D27462C34}.Release|Any CPU.ActiveCfg = Release|Any CPU
		{5B1E5AC7-CFBF-4974-B00F-851D27462C34}.Release|Any CPU.Build.0 = Release|Any CPU
		{B66DA5DC-E0CA-43AB-A0F2-066326CAB83E}.Debug|Any CPU.ActiveCfg = Debug|Any CPU
		{B66DA5DC-E0CA-43AB-A0F2-066326CAB83E}.Debug|Any CPU.Build.0 = Debug|Any CPU
		{B66DA5DC-E0CA-43AB-A0F2-066326CAB83E}.Release|Any CPU.ActiveCfg = Release|Any CPU
		{B66DA5DC-E0CA-43AB-A0F2-066326CAB83E}.Release|Any CPU.Build.0 = Release|Any CPU
	EndGlobalSection
	GlobalSection(SolutionProperties) = preSolution
		HideSolutionNode = FALSE
	EndGlobalSection
	GlobalSection(NestedProjects) = preSolution
		{ADFEC1EE-F953-4E61-AC32-D5722C435C6D} = {E1BD0B32-946C-4F51-93E4-969D6AAC1705}
		{B66DA5DC-E0CA-43AB-A0F2-066326CAB83E} = {E1BD0B32-946C-4F51-93E4-969D6AAC1705}
	EndGlobalSection
	GlobalSection(ExtensibilityGlobals) = postSolution
		SolutionGuid = {86E6EE2E-A851-4524-AE8E-B95C62A34397}
	EndGlobalSection
EndGlobal
